
Microsoft Visual Studio Solution File, Format Version 12.00
# Visual Studio Version 17
VisualStudioVersion = 17.5.33516.290
MinimumVisualStudioVersion = 10.0.40219.1
Project("{9A19103F-16F7-4668-BE54-9A1E7A4F7556}") = "CourseProjectLiteMK5", "CourseProjectLiteMK5\CourseProjectLiteMK5.csproj", "{906B7CC7-D991-4FBC-907D-B5D471BCFEF9}"
EndProject
Global
	GlobalSection(SolutionConfigurationPlatforms) = preSolution
		Debug|Any CPU = Debug|Any CPU
		Release|Any CPU = Release|Any CPU
	EndGlobalSection
	GlobalSection(ProjectConfigurationPlatforms) = postSolution
		{906B7CC7-D991-4FBC-907D-B5D471BCFEF9}.Debug|Any CPU.ActiveCfg = Debug|Any CPU
		{906B7CC7-D991-4FBC-907D-B5D471BCFEF9}.Debug|Any CPU.Build.0 = Debug|Any CPU
		{906B7CC7-D991-4FBC-907D-B5D471BCFEF9}.Release|Any CPU.ActiveCfg = Release|Any CPU
		{906B7CC7-D991-4FBC-907D-B5D471BCFEF9}.Release|Any CPU.Build.0 = Release|Any CPU
	EndGlobalSection
	GlobalSection(SolutionProperties) = preSolution
		HideSolutionNode = FALSE
	EndGlobalSection
	GlobalSection(ExtensibilityGlobals) = postSolution
		SolutionGuid = {F4B7ADB6-22EE-4DD1-BC40-4B912644C378}
	EndGlobalSection
EndGlobal
